<?xml version="1.0" encoding="utf-8"?>
<Project ToolsVersion="4.0" xmlns="http://schemas.microsoft.com/developer/msbuild/2003">
  <ItemGroup>
    <Filter Include="Source Files">
      <UniqueIdentifier>{4FC737F1-C7A5-4376-A066-2A32D752A2FF}</UniqueIdentifier>
      <Extensions>cpp;c;cc;cxx;c++;cppm;ixx;def;odl;idl;hpj;bat;asm;asmx</Extensions>
    </Filter>
    <Filter Include="Header Files">
      <UniqueIdentifier>{93995380-89BD-4b04-88EB-625FBE52EBFB}</UniqueIdentifier>
      <Extensions>h;hh;hpp;hxx;h++;hm;inl;inc;ipp;xsd</Extensions>
    </Filter>
    <Filter Include="Resource Files">
      <UniqueIdentifier>{67DA6AB6-F800-4c08-8B7A-83BB121AAD01}</UniqueIdentifier>
      <Extensions>rc;ico;cur;bmp;dlg;rc2;rct;bin;rgs;gif;jpg;jpeg;jpe;resx;tiff;tif;png;wav;mfcribbon-ms</Extensions>
    </Filter>
  </ItemGroup>
  <ItemGroup>
    <ClCompile Include="Application.cpp">
      <Filter>Source Files</Filter>
    </ClCompile>
    <ClCompile Include="utils\Bezier.cpp">
      <Filter>Source Files</Filter>
    </ClCompile>
    <ClCompile Include="utils\Coordinates\Coor.cpp">
      <Filter>Source Files</Filter>
    </ClCompile>
    <ClCompile Include="utils\Draws.cpp">
      <Filter>Source Files</Filter>
    </ClCompile>
    <ClCompile Include="utils\Linear Algebra\Linear.cpp">
      <Filter>Source Files</Filter>
    </ClCompile>
    <ClCompile Include="utils\Linear Algebra\Matrix.cpp">
      <Filter>Source Files</Filter>
    </ClCompile>
    <ClCompile Include="utils\Linear Algebra\Others.cpp">
      <Filter>Source Files</Filter>
    </ClCompile>
    <ClCompile Include="utils\Linear Algebra\Linear_Algebra.h">
      <Filter>Header Files</Filter>
    </ClCompile>
    <ClCompile Include="Programs.cpp">
      <Filter>Source Files</Filter>
    </ClCompile>
    <ClCompile Include="dependencies\OpenGL\glad.c">
      <Filter>Source Files</Filter>
    </ClCompile>
  </ItemGroup>
  <ItemGroup>
    <ClInclude Include="utils\Bezier.h">
      <Filter>Header Files</Filter>
    </ClInclude>
    <ClInclude Include="utils\Coordinates\Coor.h">
      <Filter>Header Files</Filter>
    </ClInclude>
    <ClInclude Include="utils\Draws.h">
      <Filter>Header Files</Filter>
    </ClInclude>
    <ClInclude Include="utils\Linear Algebra\Matrix.h">
      <Filter>Header Files</Filter>
    </ClInclude>
    <ClInclude Include="utils\Linear Algebra\others.h">
      <Filter>Header Files</Filter>
    </ClInclude>
    <ClInclude Include="Programs.h">
      <Filter>Header Files</Filter>
    </ClInclude>
    <ClInclude Include="dependencies\OpenGL\glad.h">
      <Filter>Header Files</Filter>
    </ClInclude>
    <ClInclude Include="dependencies\OpenGL\khrplatform.h">
      <Filter>Header Files</Filter>
    </ClInclude>
  </ItemGroup>
  <ItemGroup>
    <Text Include="test.txt" />
  </ItemGroup>
  <ItemGroup>
    <None Include="Shaders\frag.glsl" />
    <None Include="Shaders\vert.glsl" />
  </ItemGroup>
</Project>